schema: '2.0'
stages:
  run_pipeline:
    cmd: python main.py
    deps:
    - path: config/model.yaml
      hash: md5
      md5: bbfac11eae1910571ad207b1b26b685f
      size: 237
    - path: data/raw/train.csv
      hash: md5
      md5: 2309cc5f04782ed9bb6016d9f4e381cf
      size: 61194
    - path: main.py
      hash: md5
      md5: 3d2380403d227f2a4515819a2e7bd5a8
      size: 3271
    - path: src/
      hash: md5
      md5: bc428250ca3d47dc1aabd570fa4d43a4.dir
      size: 16879
      nfiles: 14
  preprocess:
    cmd: python -m src.run_preprocess
    deps:
    - path: data/raw/train.csv
      hash: md5
      md5: 2309cc5f04782ed9bb6016d9f4e381cf
      size: 61194
    - path: src/preprocessor.py
      hash: md5
      md5: e7027b708eb1adc2828b77c34818eb49
      size: 1159
    - path: src/run_preprocess.py
      hash: md5
      md5: bfe204863e858439cc4a105cd2f25e35
      size: 1206
    - path: src/saving_loading/save_preprocessing.py
      hash: md5
      md5: eb9c2185a328a12215c7b06a30e19c71
      size: 692
    outs:
    - path: artifacts/preprocessors/preprocessor.joblib
      hash: md5
      md5: 56bf2386a79c047c673bdc4b65453c4b
      size: 3887
    - path: data/processed/X.csv
      hash: md5
      md5: aef9ebf7eb04c3621d291174cb627737
      size: 100101
    - path: data/processed/y.csv
      hash: md5
      md5: 97ad279081204a182620d6bf8ccb4230
      size: 1791
  train:
    cmd: python main.py
    deps:
    - path: data/processed/X.csv
      hash: md5
      md5: aef9ebf7eb04c3621d291174cb627737
      size: 100101
    - path: data/processed/y.csv
      hash: md5
      md5: 97ad279081204a182620d6bf8ccb4230
      size: 1791
    - path: main.py
      hash: md5
      md5: b71de2ea22ff350c5a385123792cfdc5
      size: 1972
    - path: src/evaluate.py
      hash: md5
      md5: 1ff32461b6b8d3e7be3e71a910dff3e3
      size: 1399
    - path: src/train.py
      hash: md5
      md5: dd3dd565782a470a410cf0cf724b49f2
      size: 1527
    outs:
    - path: artifacts/models/
      hash: md5
      md5: ff55af9177536d46ef6360041de60b73.dir
      size: 1391
      nfiles: 1
    - path: reports/
      hash: md5
      md5: 41b0d2acd0c717952bd101322f0f015c.dir
      size: 108177
      nfiles: 1
