schema: '2.0'
stages:
  run_pipeline:
    cmd: python main.py
    deps:
    - path: config/model.yaml
      hash: md5
      md5: bbfac11eae1910571ad207b1b26b685f
      size: 237
    - path: data/raw/train.csv
      hash: md5
      md5: 2309cc5f04782ed9bb6016d9f4e381cf
      size: 61194
    - path: main.py
      hash: md5
      md5: 0910c7d93213aa327d054087121469b7
      size: 3206
    - path: src/
      hash: md5
      md5: 3eebbf9a9cddb0423523f5fb7aae3bf0.dir
      size: 10877
      nfiles: 12
    outs:
    - path: data/processed/
      hash: md5
      md5: e9c11b108e8eb1732ff5c586a0151903.dir
      size: 101892
      nfiles: 2
